
Microsoft Visual Studio Solution File, Format Version 12.00
# Visual Studio Version 16
VisualStudioVersion = 16.0.28917.181
MinimumVisualStudioVersion = 10.0.40219.1
Project("{FAE04EC0-301F-11D3-BF4B-00C04F79EFBC}") = "client_tutorial", "client_tutorial\client_tutorial.csproj", "{8EF286D1-EDA1-4CDC-921E-C5A6A36BD2E8}"
EndProject
Global
	GlobalSection(SolutionConfigurationPlatforms) = preSolution
		Debug|Any CPU = Debug|Any CPU
		Release|Any CPU = Release|Any CPU
	EndGlobalSection
	GlobalSection(ProjectConfigurationPlatforms) = postSolution
		{8EF286D1-EDA1-4CDC-921E-C5A6A36BD2E8}.Debug|Any CPU.ActiveCfg = Debug|Any CPU
		{8EF286D1-EDA1-4CDC-921E-C5A6A36BD2E8}.Debug|Any CPU.Build.0 = Debug|Any CPU
		{8EF286D1-EDA1-4CDC-921E-C5A6A36BD2E8}.Release|Any CPU.ActiveCfg = Release|Any CPU
		{8EF286D1-EDA1-4CDC-921E-C5A6A36BD2E8}.Release|Any CPU.Build.0 = Release|Any CPU
	EndGlobalSection
	GlobalSection(SolutionProperties) = preSolution
		HideSolutionNode = FALSE
	EndGlobalSection
	GlobalSection(ExtensibilityGlobals) = postSolution
		SolutionGuid = {D5D2D568-AAE4-4284-9CF8-4033795B07FF}
	EndGlobalSection
EndGlobal
